lockfileVersion: 5.4

specifiers:
  '@polkadot/api': ^9.7.1
  '@polkadot/keyring': ^10.1.11
  '@polkadot/types': ^9.7.1
  '@polkadot/util': ^10.1.11
  '@polkadot/util-crypto': ^10.1.11
  '@types/node': ^18.11.9
  typescript: ^4.8.4
  yargs: ^17.6.2

dependencies:
  '@polkadot/api': 9.7.1
  '@polkadot/keyring': 10.1.11_keoxkz6t4n2xq2s5kqoa47ekaq
  '@polkadot/util': 10.1.11
  '@polkadot/util-crypto': 10.1.11_@polkadot+util@10.1.11
  yargs: 17.6.2

devDependencies:
  '@polkadot/types': 9.7.1
  '@types/node': 18.11.9
  typescript: 4.8.4

packages:

  /@babel/runtime/7.20.1:
    resolution: {integrity: sha512-mrzLkl6U9YLF8qpqI7TB82PESyEGjm/0Ly91jG575eVxMMlb8fYfOXFZIJ8XfLrJZQbm7dlKry2bJmXBUEkdFg==}
    engines: {node: '>=6.9.0'}
    dependencies:
      regenerator-runtime: 0.13.10

  /@noble/hashes/1.1.3:
    resolution: {integrity: sha512-CE0FCR57H2acVI5UOzIGSSIYxZ6v/HOhDR0Ro9VLyhnzLwx0o8W1mmgaqlEUx4049qJDlIBRztv5k+MM8vbO3A==}

  /@noble/secp256k1/1.7.0:
    resolution: {integrity: sha512-kbacwGSsH/CTout0ZnZWxnW1B+jH/7r/WAAKLBtrRJ/+CUH7lgmQzl3GTrQua3SGKWNSDsS6lmjnDpIJ5Dxyaw==}

  /@polkadot/api-augment/9.7.1:
    resolution: {integrity: sha512-L7GmeQBik6VotUNT9CA3HXHRXt2UHfvd4S79V5CIBXN9gBFOW9GIbyo63KRuddVH1By1TZDmcdr/K3wfMuEdVg==}
    engines: {node: '>=14.0.0'}
    dependencies:
      '@babel/runtime': 7.20.1
      '@polkadot/api-base': 9.7.1
      '@polkadot/rpc-augment': 9.7.1
      '@polkadot/types': 9.7.1
      '@polkadot/types-augment': 9.7.1
      '@polkadot/types-codec': 9.7.1
      '@polkadot/util': 10.1.11
    transitivePeerDependencies:
      - bufferutil
      - supports-color
      - utf-8-validate
    dev: false

  /@polkadot/api-base/9.7.1:
    resolution: {integrity: sha512-pKZIInAFpnPEZrtMUbVztTPHRWQ4guMYXovPWWG28c+mtLDEcJTrul5WYeDZ7hsG6WRvF0RadLrnI2bdRelzVw==}
    engines: {node: '>=14.0.0'}
    dependencies:
      '@babel/runtime': 7.20.1
      '@polkadot/rpc-core': 9.7.1
      '@polkadot/types': 9.7.1
      '@polkadot/util': 10.1.11
      rxjs: 7.5.7
    transitivePeerDependencies:
      - bufferutil
      - supports-color
      - utf-8-validate
    dev: false

  /@polkadot/api-derive/9.7.1:
    resolution: {integrity: sha512-kBH1qMGDfopnhobLQnGArCbXsoemUQcJAbU2TJCpkwlp//HJrrfG90Tud+oFX8bvRKRqaZzhQF+UdVqilfEvJQ==}
    engines: {node: '>=14.0.0'}
    dependencies:
      '@babel/runtime': 7.20.1
      '@polkadot/api': 9.7.1
      '@polkadot/api-augment': 9.7.1
      '@polkadot/api-base': 9.7.1
      '@polkadot/rpc-core': 9.7.1
      '@polkadot/types': 9.7.1
      '@polkadot/types-codec': 9.7.1
      '@polkadot/util': 10.1.11
      '@polkadot/util-crypto': 10.1.11_@polkadot+util@10.1.11
      rxjs: 7.5.7
    transitivePeerDependencies:
      - bufferutil
      - supports-color
      - utf-8-validate
    dev: false

  /@polkadot/api/9.7.1:
    resolution: {integrity: sha512-hTOJqG5bAv8b276SuK22tJAJATg/DnaB25AiImQt365EHObQDWlaG9mC/U0SY6RQi1tAS9orRrEA1lOhHybbZA==}
    engines: {node: '>=14.0.0'}
    dependencies:
      '@babel/runtime': 7.20.1
      '@polkadot/api-augment': 9.7.1
      '@polkadot/api-base': 9.7.1
      '@polkadot/api-derive': 9.7.1
      '@polkadot/keyring': 10.1.11_keoxkz6t4n2xq2s5kqoa47ekaq
      '@polkadot/rpc-augment': 9.7.1
      '@polkadot/rpc-core': 9.7.1
      '@polkadot/rpc-provider': 9.7.1
      '@polkadot/types': 9.7.1
      '@polkadot/types-augment': 9.7.1
      '@polkadot/types-codec': 9.7.1
      '@polkadot/types-create': 9.7.1
      '@polkadot/types-known': 9.7.1
      '@polkadot/util': 10.1.11
      '@polkadot/util-crypto': 10.1.11_@polkadot+util@10.1.11
      eventemitter3: 4.0.7
      rxjs: 7.5.7
    transitivePeerDependencies:
      - bufferutil
      - supports-color
      - utf-8-validate
    dev: false

  /@polkadot/keyring/10.1.11_keoxkz6t4n2xq2s5kqoa47ekaq:
    resolution: {integrity: sha512-Nv8cZaOA/KbdslDMTklJ58+y+UPpic3+oMQoozuq48Ccjv7WeW2BX47XM/RNE8nYFg6EHa6Whfm4IFaFb8s7ag==}
    engines: {node: '>=14.0.0'}
    peerDependencies:
      '@polkadot/util': 10.1.11
      '@polkadot/util-crypto': 10.1.11
    dependencies:
      '@babel/runtime': 7.20.1
      '@polkadot/util': 10.1.11
      '@polkadot/util-crypto': 10.1.11_@polkadot+util@10.1.11

  /@polkadot/networks/10.1.11:
    resolution: {integrity: sha512-4FfOVETXwh6PL6wd6fYJMkRSQKm+xUw3vR5rHqcAnB696FpMFPPErc6asgZ9lYMyzNJRY3yG86HQpFhtCv1nGA==}
    engines: {node: '>=14.0.0'}
    dependencies:
      '@babel/runtime': 7.20.1
      '@polkadot/util': 10.1.11
      '@substrate/ss58-registry': 1.33.0

  /@polkadot/rpc-augment/9.7.1:
    resolution: {integrity: sha512-4D16cOECkkMIjjOloDVPcLTpBlZhKV4mPnZX77MGaPdYEcWV8oDAZ0c4GvJhbXPAZZdfeJ0PG8uW48aaLiGLvA==}
    engines: {node: '>=14.0.0'}
    dependencies:
      '@babel/runtime': 7.20.1
      '@polkadot/rpc-core': 9.7.1
      '@polkadot/types': 9.7.1
      '@polkadot/types-codec': 9.7.1
      '@polkadot/util': 10.1.11
    transitivePeerDependencies:
      - bufferutil
      - supports-color
      - utf-8-validate
    dev: false

  /@polkadot/rpc-core/9.7.1:
    resolution: {integrity: sha512-vHCGdUJp3XRKvYBMoCER61/TmO3AbVxzGnSVT8+4b8u5Lctp76v5KRdpZcJGgrTisGr4CoI/yCKgznb+0nl5wg==}
    engines: {node: '>=14.0.0'}
    dependencies:
      '@babel/runtime': 7.20.1
      '@polkadot/rpc-augment': 9.7.1
      '@polkadot/rpc-provider': 9.7.1
      '@polkadot/types': 9.7.1
      '@polkadot/util': 10.1.11
      rxjs: 7.5.7
    transitivePeerDependencies:
      - bufferutil
      - supports-color
      - utf-8-validate
    dev: false

  /@polkadot/rpc-provider/9.7.1:
    resolution: {integrity: sha512-7o8GlsGpfos+mgr4Zw17HHxNUWYevjWdV///QGaZzhDR3QU9nlBO05JIa2i2+egFKSOxiiFAsnJHm707mHUbTA==}
    engines: {node: '>=14.0.0'}
    dependencies:
      '@babel/runtime': 7.20.1
      '@polkadot/keyring': 10.1.11_keoxkz6t4n2xq2s5kqoa47ekaq
      '@polkadot/types': 9.7.1
      '@polkadot/types-support': 9.7.1
      '@polkadot/util': 10.1.11
      '@polkadot/util-crypto': 10.1.11_@polkadot+util@10.1.11
      '@polkadot/x-fetch': 10.1.11
      '@polkadot/x-global': 10.1.11
      '@polkadot/x-ws': 10.1.11
      '@substrate/connect': 0.7.16
      eventemitter3: 4.0.7
      mock-socket: 9.1.5
      nock: 13.2.9
    transitivePeerDependencies:
      - bufferutil
      - supports-color
      - utf-8-validate
    dev: false

  /@polkadot/types-augment/9.7.1:
    resolution: {integrity: sha512-rCzRrPxIUitrT2WxPi6FG9gLHyTzZ8SYHUb8Ha279YQQFxl6Lv6p33uzQJcUutQVmvaUAPJGGkAQLCbmXAFbnA==}
    engines: {node: '>=14.0.0'}
    dependencies:
      '@babel/runtime': 7.20.1
      '@polkadot/types': 9.7.1
      '@polkadot/types-codec': 9.7.1
      '@polkadot/util': 10.1.11

  /@polkadot/types-codec/9.7.1:
    resolution: {integrity: sha512-rzSUbDL7ytFVg7mnjV9zutLSDwTN7nEBSKYLtUK8vnGOG+nr8ds4IUcur0XK6VPj72Duz5ovvxi/JyUlE9+W3Q==}
    engines: {node: '>=14.0.0'}
    dependencies:
      '@babel/runtime': 7.20.1
      '@polkadot/util': 10.1.11
      '@polkadot/x-bigint': 10.1.11

  /@polkadot/types-create/9.7.1:
    resolution: {integrity: sha512-Bk1F3bHmK2yIeVj9dPP4v5TMvsPFMOquovFp2rTmW7gLGauiwQTS1WP356VtmSDbZWJ0H89nHpXdgYRqDDi5sg==}
    engines: {node: '>=14.0.0'}
    dependencies:
      '@babel/runtime': 7.20.1
      '@polkadot/types-codec': 9.7.1
      '@polkadot/util': 10.1.11

  /@polkadot/types-known/9.7.1:
    resolution: {integrity: sha512-paTnfAKf+W4BzllQ06Pbr9WAe9dK2K+TKuDOhkX5E5KUUeA9dWRG6lIX3hIqlaGy8DN/eyGks7/+siCl8HJK+A==}
    engines: {node: '>=14.0.0'}
    dependencies:
      '@babel/runtime': 7.20.1
      '@polkadot/networks': 10.1.11
      '@polkadot/types': 9.7.1
      '@polkadot/types-codec': 9.7.1
      '@polkadot/types-create': 9.7.1
      '@polkadot/util': 10.1.11
    dev: false

  /@polkadot/types-support/9.7.1:
    resolution: {integrity: sha512-qllyuB7mlQb3xi6CM5M+/q6/cLKHUx28VFRzEEbdnqzzjJDMtQ+FCb3oAlDd3kd2sZce4UMMjrJOHUKWDCHS5Q==}
    engines: {node: '>=14.0.0'}
    dependencies:
      '@babel/runtime': 7.20.1
      '@polkadot/util': 10.1.11
    dev: false

  /@polkadot/types/9.7.1:
    resolution: {integrity: sha512-MnRVHFsQvJm+SV1lCiL+uSOYXjHKpDiFvDlmxUVQYnDtgZIK3Q5deKGbM0Lrg393/QbZr13+MhPhnlKCgiaeUg==}
    engines: {node: '>=14.0.0'}
    dependencies:
      '@babel/runtime': 7.20.1
      '@polkadot/keyring': 10.1.11_keoxkz6t4n2xq2s5kqoa47ekaq
      '@polkadot/types-augment': 9.7.1
      '@polkadot/types-codec': 9.7.1
      '@polkadot/types-create': 9.7.1
      '@polkadot/util': 10.1.11
      '@polkadot/util-crypto': 10.1.11_@polkadot+util@10.1.11
      rxjs: 7.5.7

  /@polkadot/util-crypto/10.1.11_@polkadot+util@10.1.11:
    resolution: {integrity: sha512-wG63frIMAR5T/HXGM0SFNzZZdk7qDBsfLXfn6PIZiXCCCsdEYPzS5WltB7fkhicYpbePJ7VgdCAddj1l4IcGyg==}
    engines: {node: '>=14.0.0'}
    peerDependencies:
      '@polkadot/util': 10.1.11
    dependencies:
      '@babel/runtime': 7.20.1
      '@noble/hashes': 1.1.3
      '@noble/secp256k1': 1.7.0
      '@polkadot/networks': 10.1.11
      '@polkadot/util': 10.1.11
      '@polkadot/wasm-crypto': 6.3.1_kq5krb3p4bzvrcxi3xa2lgyh6u
      '@polkadot/x-bigint': 10.1.11
      '@polkadot/x-randomvalues': 10.1.11
      '@scure/base': 1.1.1
      ed2curve: 0.3.0
      tweetnacl: 1.0.3

  /@polkadot/util/10.1.11:
    resolution: {integrity: sha512-6m51lw6g6ilqO/k4BQY7rD0lYM9NCnC4FiM7CEEUc7j8q86qxdcZ88zdNldkhNsTIQnfmCtkK3GRzZW6VYrbUw==}
    engines: {node: '>=14.0.0'}
    dependencies:
      '@babel/runtime': 7.20.1
      '@polkadot/x-bigint': 10.1.11
      '@polkadot/x-global': 10.1.11
      '@polkadot/x-textdecoder': 10.1.11
      '@polkadot/x-textencoder': 10.1.11
      '@types/bn.js': 5.1.1
      bn.js: 5.2.1

  /@polkadot/wasm-bridge/6.3.1_kq5krb3p4bzvrcxi3xa2lgyh6u:
    resolution: {integrity: sha512-1TYkHsb9AEFhU9uZj3biEnN2yKQNzdrwSjiTvfCYnt97pnEkKsZI6cku+YPZQv5w/x9CQa5Yua9e2DVVZSivGA==}
    engines: {node: '>=14.0.0'}
    peerDependencies:
      '@polkadot/util': '*'
      '@polkadot/x-randomvalues': '*'
    dependencies:
      '@babel/runtime': 7.20.1
      '@polkadot/util': 10.1.11
      '@polkadot/x-randomvalues': 10.1.11

  /@polkadot/wasm-crypto-asmjs/6.3.1_@polkadot+util@10.1.11:
    resolution: {integrity: sha512-zbombRfA5v/mUWQQhgg2YwaxhRmxRIrvskw65x+lruax3b6xPBFDs7yplopiJU3r8h2pTgQvX/DUksvqz2TCRQ==}
    engines: {node: '>=14.0.0'}
    peerDependencies:
      '@polkadot/util': '*'
    dependencies:
      '@babel/runtime': 7.20.1
      '@polkadot/util': 10.1.11

  /@polkadot/wasm-crypto-init/6.3.1_kq5krb3p4bzvrcxi3xa2lgyh6u:
    resolution: {integrity: sha512-9yaUBcu+snwjJLmPPGl3cyGRQ1afyFGm16qzTM0sgG/ZCfUlK4uk8KWZe+sBUKgoxb2oXY7Y4WklKgQI1YBdfw==}
    engines: {node: '>=14.0.0'}
    peerDependencies:
      '@polkadot/util': '*'
      '@polkadot/x-randomvalues': '*'
    dependencies:
      '@babel/runtime': 7.20.1
      '@polkadot/util': 10.1.11
      '@polkadot/wasm-bridge': 6.3.1_kq5krb3p4bzvrcxi3xa2lgyh6u
      '@polkadot/wasm-crypto-asmjs': 6.3.1_@polkadot+util@10.1.11
      '@polkadot/wasm-crypto-wasm': 6.3.1_@polkadot+util@10.1.11
      '@polkadot/x-randomvalues': 10.1.11

  /@polkadot/wasm-crypto-wasm/6.3.1_@polkadot+util@10.1.11:
    resolution: {integrity: sha512-idSlzKGVzCfeCMRHsacRvqwojSaTadFxL/Dbls4z1thvfa3U9Ku0d2qVtlwg7Hj+tYWDiuP8Kygs+6bQwfs0XA==}
    engines: {node: '>=14.0.0'}
    peerDependencies:
      '@polkadot/util': '*'
    dependencies:
      '@babel/runtime': 7.20.1
      '@polkadot/util': 10.1.11
      '@polkadot/wasm-util': 6.3.1_@polkadot+util@10.1.11

  /@polkadot/wasm-crypto/6.3.1_kq5krb3p4bzvrcxi3xa2lgyh6u:
    resolution: {integrity: sha512-OO8h0qeVkqp4xYZaRVl4iuWOEtq282pNBHDKb6SOJuI2g59eWGcKh4EQU9Me2VP6qzojIqptrkrVt7KQXC68gA==}
    engines: {node: '>=14.0.0'}
    peerDependencies:
      '@polkadot/util': '*'
      '@polkadot/x-randomvalues': '*'
    dependencies:
      '@babel/runtime': 7.20.1
      '@polkadot/util': 10.1.11
      '@polkadot/wasm-bridge': 6.3.1_kq5krb3p4bzvrcxi3xa2lgyh6u
      '@polkadot/wasm-crypto-asmjs': 6.3.1_@polkadot+util@10.1.11
      '@polkadot/wasm-crypto-init': 6.3.1_kq5krb3p4bzvrcxi3xa2lgyh6u
      '@polkadot/wasm-crypto-wasm': 6.3.1_@polkadot+util@10.1.11
      '@polkadot/wasm-util': 6.3.1_@polkadot+util@10.1.11
      '@polkadot/x-randomvalues': 10.1.11

  /@polkadot/wasm-util/6.3.1_@polkadot+util@10.1.11:
    resolution: {integrity: sha512-12oAv5J7Yoc9m6jixrSaQCxpOkWOyzHx3DMC8qmLjRiwdBWxqLmImOVRVnFsbaxqSbhBIHRuJphVxWE+GZETDg==}
    engines: {node: '>=14.0.0'}
    peerDependencies:
      '@polkadot/util': '*'
    dependencies:
      '@babel/runtime': 7.20.1
      '@polkadot/util': 10.1.11

  /@polkadot/x-bigint/10.1.11:
    resolution: {integrity: sha512-TC4KZ+ni/SJhcf/LIwD49C/kwvACu0nCchETNO+sAfJ7COXZwHDUJXVXmwN5PgkQxwsWsKKuJmzR/Fi1bgMWnQ==}
    engines: {node: '>=14.0.0'}
    dependencies:
      '@babel/runtime': 7.20.1
      '@polkadot/x-global': 10.1.11

  /@polkadot/x-fetch/10.1.11:
    resolution: {integrity: sha512-WtyUr9itVD9BLnxCUloJ1iwrXOY/lnlEShEYKHcSm6MIHtbJolePd3v1+o5mOX+bdDbHXhPZnH8anCCqDNDRqg==}
    engines: {node: '>=14.0.0'}
    dependencies:
      '@babel/runtime': 7.20.1
      '@polkadot/x-global': 10.1.11
      '@types/node-fetch': 2.6.2
      node-fetch: 3.2.10
    dev: false

  /@polkadot/x-global/10.1.11:
    resolution: {integrity: sha512-bWz5gdcELy6+xfr27R1GE5MPX4nfVlchzHQH+DR6OBbSi9g/PeycQAvFB6IkTmP+YEbNNtIpxnSP37zoUaG3xw==}
    engines: {node: '>=14.0.0'}
    dependencies:
      '@babel/runtime': 7.20.1

  /@polkadot/x-randomvalues/10.1.11:
    resolution: {integrity: sha512-V2V37f5hoM5B32eCpGw87Lwstin2+ArXhOZ8ENKncbQLXzbF9yTODueDoA5Vt0MJCs2CDP9cyiCYykcanqVkxg==}
    engines: {node: '>=14.0.0'}
    dependencies:
      '@babel/runtime': 7.20.1
      '@polkadot/x-global': 10.1.11

  /@polkadot/x-textdecoder/10.1.11:
    resolution: {integrity: sha512-QZqie04SR6pAj260PaLBfZUGXWKI357t4ROVJhpaj06qc1zrk1V8Mwkr49+WzjAPFEOqo70HWnzXmPNCH4dQiw==}
    engines: {node: '>=14.0.0'}
    dependencies:
      '@babel/runtime': 7.20.1
      '@polkadot/x-global': 10.1.11

  /@polkadot/x-textencoder/10.1.11:
    resolution: {integrity: sha512-UX+uV9AbDID81waaG/NvTkkf7ZNVW7HSHaddgbWjQEVW2Ex4ByccBarY5jEi6cErEPKfzCamKhgXflu0aV9LWw==}
    engines: {node: '>=14.0.0'}
    dependencies:
      '@babel/runtime': 7.20.1
      '@polkadot/x-global': 10.1.11

  /@polkadot/x-ws/10.1.11:
    resolution: {integrity: sha512-EUbL/R1A/NxYf6Rnb1M7U9yeTuo5r4y2vcQllE5aBLaQ0cFnRykHzlmZlVX1E7O5uy3lYVdxWC7sNgxItIWkWA==}
    engines: {node: '>=14.0.0'}
    dependencies:
      '@babel/runtime': 7.20.1
      '@polkadot/x-global': 10.1.11
      '@types/websocket': 1.0.5
      websocket: 1.0.34
    transitivePeerDependencies:
      - supports-color
    dev: false

  /@scure/base/1.1.1:
    resolution: {integrity: sha512-ZxOhsSyxYwLJj3pLZCefNitxsj093tb2vq90mp2txoYeBqbcjDjqFhyM8eUjq/uFm6zJ+mUuqxlS2FkuSY1MTA==}

  /@substrate/connect-extension-protocol/1.0.1:
    resolution: {integrity: sha512-161JhCC1csjH3GE5mPLEd7HbWtwNSPJBg3p1Ksz9SFlTzj/bgEwudiRN2y5i0MoLGCIJRYKyKGMxVnd29PzNjg==}
    dev: false

  /@substrate/connect/0.7.16:
    resolution: {integrity: sha512-068ZOR5ohb3qC2UegHe73RphnIa4F8fRjOIoap69K2qAdgT2yiegjK4nsxTnnqzlGrQTzgN3yG6SY+Va/a3+mw==}
    dependencies:
      '@substrate/connect-extension-protocol': 1.0.1
      '@substrate/smoldot-light': 0.7.5
      eventemitter3: 4.0.7
    transitivePeerDependencies:
      - bufferutil
      - utf-8-validate
    dev: false

  /@substrate/smoldot-light/0.7.5:
    resolution: {integrity: sha512-rODqhQx0C6zRN7HzdZrjzcg2dNbl3IUtM7GWEHitPzLS/0c3ikO/RkCCD1uleVqCwKXlZzjVNBeYW4/47vxKSA==}
    dependencies:
      pako: 2.1.0
      ws: 8.11.0
    transitivePeerDependencies:
      - bufferutil
      - utf-8-validate
    dev: false

  /@substrate/ss58-registry/1.33.0:
    resolution: {integrity: sha512-DztMuMcEfu+tJrtIQIIp5gO8/XJZ8N8UwPObDCSNgrp7trtSkPJAUFB9qXaReXtN9UvTcVBMTWk6VPfFi04Wkg==}

  /@types/bn.js/5.1.1:
    resolution: {integrity: sha512-qNrYbZqMx0uJAfKnKclPh+dTwK33KfLHYqtyODwd5HnXOjnkhc4qgn3BrK6RWyGZm5+sIFE7Q7Vz6QQtJB7w7g==}
    dependencies:
      '@types/node': 18.11.9

  /@types/node-fetch/2.6.2:
    resolution: {integrity: sha512-DHqhlq5jeESLy19TYhLakJ07kNumXWjcDdxXsLUMJZ6ue8VZJj4kLPQVE/2mdHh3xZziNF1xppu5lwmS53HR+A==}
    dependencies:
      '@types/node': 18.11.9
      form-data: 3.0.1
    dev: false

  /@types/node/18.11.9:
    resolution: {integrity: sha512-CRpX21/kGdzjOpFsZSkcrXMGIBWMGNIHXXBVFSH+ggkftxg+XYP20TESbh+zFvFj3EQOl5byk0HTRn1IL6hbqg==}

  /@types/websocket/1.0.5:
    resolution: {integrity: sha512-NbsqiNX9CnEfC1Z0Vf4mE1SgAJ07JnRYcNex7AJ9zAVzmiGHmjKFEk7O4TJIsgv2B1sLEb6owKFZrACwdYngsQ==}
    dependencies:
      '@types/node': 18.11.9
    dev: false

  /ansi-regex/5.0.1:
    resolution: {integrity: sha512-quJQXlTSUGL2LH9SUXo8VwsY4soanhgo6LNSm84E1LBcE8s3O0wpdiRzyR9z/ZZJMlMWv37qOOb9pdJlMUEKFQ==}
    engines: {node: '>=8'}
    dev: false

  /ansi-styles/4.3.0:
    resolution: {integrity: sha512-zbB9rCJAT1rbjiVDb2hqKFHNYLxgtk8NURxZ3IZwD3F6NtxbXZQCnnSi1Lkx+IDohdPlFp222wVALIheZJQSEg==}
    engines: {node: '>=8'}
    dependencies:
      color-convert: 2.0.1
    dev: false

  /asynckit/0.4.0:
    resolution: {integrity: sha512-Oei9OH4tRh0YqU3GxhX79dM/mwVgvbZJaSNaRk+bshkj0S5cfHcgYakreBjrHwatXKbz+IoIdYLxrKim2MjW0Q==}
    dev: false

  /bn.js/5.2.1:
    resolution: {integrity: sha512-eXRvHzWyYPBuB4NBy0cmYQjGitUrtqwbvlzP3G6VFnNRbsZQIxQ10PbKKHt8gZ/HW/D/747aDl+QkDqg3KQLMQ==}

  /bufferutil/4.0.7:
    resolution: {integrity: sha512-kukuqc39WOHtdxtw4UScxF/WVnMFVSQVKhtx3AjZJzhd0RGZZldcrfSEbVsWWe6KNH253574cq5F+wpv0G9pJw==}
    engines: {node: '>=6.14.2'}
    requiresBuild: true
    dependencies:
      node-gyp-build: 4.5.0
    dev: false

  /cliui/8.0.1:
    resolution: {integrity: sha512-BSeNnyus75C4//NQ9gQt1/csTXyo/8Sb+afLAkzAptFuMsod9HFokGNudZpi/oQV73hnVK+sR+5PVRMd+Dr7YQ==}
    engines: {node: '>=12'}
    dependencies:
      string-width: 4.2.3
      strip-ansi: 6.0.1
      wrap-ansi: 7.0.0
    dev: false

  /color-convert/2.0.1:
    resolution: {integrity: sha512-RRECPsj7iu/xb5oKYcsFHSppFNnsj/52OVTRKb4zP5onXwVF3zVmmToNcOfGC+CRDpfK/U584fMg38ZHCaElKQ==}
    engines: {node: '>=7.0.0'}
    dependencies:
      color-name: 1.1.4
    dev: false

  /color-name/1.1.4:
    resolution: {integrity: sha512-dOy+3AuW3a2wNbZHIuMZpTcgjGuLU/uBL/ubcZF9OXbDo8ff4O8yVp5Bf0efS8uEoYo5q4Fx7dY9OgQGXgAsQA==}
    dev: false

  /combined-stream/1.0.8:
    resolution: {integrity: sha512-FQN4MRfuJeHf7cBbBMJFXhKSDq+2kAArBlmRBvcvFE5BB1HZKXtSFASDhdlz9zOYwxh8lDdnvmMOe/+5cdoEdg==}
    engines: {node: '>= 0.8'}
    dependencies:
      delayed-stream: 1.0.0
    dev: false

  /d/1.0.1:
    resolution: {integrity: sha512-m62ShEObQ39CfralilEQRjH6oAMtNCV1xJyEx5LpRYUVN+EviphDgUc/F3hnYbADmkiNs67Y+3ylmlG7Lnu+FA==}
    dependencies:
      es5-ext: 0.10.62
      type: 1.2.0
    dev: false

  /data-uri-to-buffer/4.0.0:
    resolution: {integrity: sha512-Vr3mLBA8qWmcuschSLAOogKgQ/Jwxulv3RNE4FXnYWRGujzrRWQI4m12fQqRkwX06C0KanhLr4hK+GydchZsaA==}
    engines: {node: '>= 12'}
    dev: false

  /debug/2.6.9:
    resolution: {integrity: sha512-bC7ElrdJaJnPbAP+1EotYvqZsb3ecl5wi6Bfi6BJTUcNowp6cvspg0jXznRTKDjm/E7AdgFBVeAPVMNcKGsHMA==}
    peerDependencies:
      supports-color: '*'
    peerDependenciesMeta:
      supports-color:
        optional: true
    dependencies:
      ms: 2.0.0
    dev: false

  /debug/4.3.4:
    resolution: {integrity: sha512-PRWFHuSU3eDtQJPvnNY7Jcket1j0t5OuOsFzPPzsekD52Zl8qUfFIPEiswXqIvHWGVHOgX+7G/vCNNhehwxfkQ==}
    engines: {node: '>=6.0'}
    peerDependencies:
      supports-color: '*'
    peerDependenciesMeta:
      supports-color:
        optional: true
    dependencies:
      ms: 2.1.2
    dev: false

  /delayed-stream/1.0.0:
    resolution: {integrity: sha512-ZySD7Nf91aLB0RxL4KGrKHBXl7Eds1DAmEdcoVawXnLD7SDhpNgtuII2aAkg7a7QS41jxPSZ17p4VdGnMHk3MQ==}
    engines: {node: '>=0.4.0'}
    dev: false

  /ed2curve/0.3.0:
    resolution: {integrity: sha512-8w2fmmq3hv9rCrcI7g9hms2pMunQr1JINfcjwR9tAyZqhtyaMN991lF/ZfHfr5tzZQ8c7y7aBgZbjfbd0fjFwQ==}
    dependencies:
      tweetnacl: 1.0.3

  /emoji-regex/8.0.0:
    resolution: {integrity: sha512-MSjYzcWNOA0ewAHpz0MxpYFvwg6yjy1NG3xteoqz644VCo/RPgnr1/GGt+ic3iJTzQ8Eu3TdM14SawnVUmGE6A==}
    dev: false

  /es5-ext/0.10.62:
    resolution: {integrity: sha512-BHLqn0klhEpnOKSrzn/Xsz2UIW8j+cGmo9JLzr8BiUapV8hPL9+FliFqjwr9ngW7jWdnxv6eO+/LqyhJVqgrjA==}
    engines: {node: '>=0.10'}
    requiresBuild: true
    dependencies:
      es6-iterator: 2.0.3
      es6-symbol: 3.1.3
      next-tick: 1.1.0
    dev: false

  /es6-iterator/2.0.3:
    resolution: {integrity: sha512-zw4SRzoUkd+cl+ZoE15A9o1oQd920Bb0iOJMQkQhl3jNc03YqVjAhG7scf9C5KWRU/R13Orf588uCC6525o02g==}
    dependencies:
      d: 1.0.1
      es5-ext: 0.10.62
      es6-symbol: 3.1.3
    dev: false

  /es6-symbol/3.1.3:
    resolution: {integrity: sha512-NJ6Yn3FuDinBaBRWl/q5X/s4koRHBrgKAu+yGI6JCBeiu3qrcbJhwT2GeR/EXVfylRk8dpQVJoLEFhK+Mu31NA==}
    dependencies:
      d: 1.0.1
      ext: 1.7.0
    dev: false

  /escalade/3.1.1:
    resolution: {integrity: sha512-k0er2gUkLf8O0zKJiAhmkTnJlTvINGv7ygDNPbeIsX/TJjGJZHuh9B2UxbsaEkmlEo9MfhrSzmhIlhRlI2GXnw==}
    engines: {node: '>=6'}
    dev: false

  /eventemitter3/4.0.7:
    resolution: {integrity: sha512-8guHBZCwKnFhYdHr2ysuRWErTwhoN2X8XELRlrRwpmfeY2jjuUN4taQMsULKUVo1K4DvZl+0pgfyoysHxvmvEw==}
    dev: false

  /ext/1.7.0:
    resolution: {integrity: sha512-6hxeJYaL110a9b5TEJSj0gojyHQAmA2ch5Os+ySCiA1QGdS697XWY1pzsrSjqA9LDEEgdB/KypIlR59RcLuHYw==}
    dependencies:
      type: 2.7.2
    dev: false

  /fetch-blob/3.2.0:
    resolution: {integrity: sha512-7yAQpD2UMJzLi1Dqv7qFYnPbaPx7ZfFK6PiIxQ4PfkGPyNyl2Ugx+a/umUonmKqjhM4DnfbMvdX6otXq83soQQ==}
    engines: {node: ^12.20 || >= 14.13}
    dependencies:
      node-domexception: 1.0.0
      web-streams-polyfill: 3.2.1
    dev: false

  /form-data/3.0.1:
    resolution: {integrity: sha512-RHkBKtLWUVwd7SqRIvCZMEvAMoGUp0XU+seQiZejj0COz3RI3hWP4sCv3gZWWLjJTd7rGwcsF5eKZGii0r/hbg==}
    engines: {node: '>= 6'}
    dependencies:
      asynckit: 0.4.0
      combined-stream: 1.0.8
      mime-types: 2.1.35
    dev: false

  /formdata-polyfill/4.0.10:
    resolution: {integrity: sha512-buewHzMvYL29jdeQTVILecSaZKnt/RJWjoZCF5OW60Z67/GmSLBkOFM7qh1PI3zFNtJbaZL5eQu1vLfazOwj4g==}
    engines: {node: '>=12.20.0'}
    dependencies:
      fetch-blob: 3.2.0
    dev: false

  /get-caller-file/2.0.5:
    resolution: {integrity: sha512-DyFP3BM/3YHTQOCUL/w0OZHR0lpKeGrxotcHWcqNEdnltqFwXVfhEBQ94eIo34AfQpo0rGki4cyIiftY06h2Fg==}
    engines: {node: 6.* || 8.* || >= 10.*}
    dev: false

  /is-fullwidth-code-point/3.0.0:
    resolution: {integrity: sha512-zymm5+u+sCsSWyD9qNaejV3DFvhCKclKdizYaJUuHA83RLjb7nSuGnddCHGv0hk+KY7BMAlsWeK4Ueg6EV6XQg==}
    engines: {node: '>=8'}
    dev: false

  /is-typedarray/1.0.0:
    resolution: {integrity: sha512-cyA56iCMHAh5CdzjJIa4aohJyeO1YbwLi3Jc35MmRU6poroFjIGZzUzupGiRPOjgHg9TLu43xbpwXk523fMxKA==}
    dev: false

  /json-stringify-safe/5.0.1:
    resolution: {integrity: sha512-ZClg6AaYvamvYEE82d3Iyd3vSSIjQ+odgjaTzRuO3s7toCdFKczob2i0zCh7JE8kWn17yvAWhUVxvqGwUalsRA==}
    dev: false

  /lodash/4.17.21:
    resolution: {integrity: sha512-v2kDEe57lecTulaDIuNTPy3Ry4gLGJ6Z1O3vE1krgXZNrsQ+LFTGHVxVjcXPs17LhbZVGedAJv8XZ1tvj5FvSg==}
    dev: false

  /mime-db/1.52.0:
    resolution: {integrity: sha512-sPU4uV7dYlvtWJxwwxHD0PuihVNiE7TyAbQ5SWxDCB9mUYvOgroQOwYQQOKPJ8CIbE+1ETVlOoK1UC2nU3gYvg==}
    engines: {node: '>= 0.6'}
    dev: false

  /mime-types/2.1.35:
    resolution: {integrity: sha512-ZDY+bPm5zTTF+YpCrAU9nK0UgICYPT0QtT1NZWFv4s++TNkcgVaT0g6+4R2uI4MjQjzysHB1zxuWL50hzaeXiw==}
    engines: {node: '>= 0.6'}
    dependencies:
      mime-db: 1.52.0
    dev: false

  /mock-socket/9.1.5:
    resolution: {integrity: sha512-3DeNIcsQixWHHKk6NdoBhWI4t1VMj5/HzfnI1rE/pLl5qKx7+gd4DNA07ehTaZ6MoUU053si6Hd+YtiM/tQZfg==}
    engines: {node: '>= 8'}
    dev: false

  /ms/2.0.0:
    resolution: {integrity: sha512-Tpp60P6IUJDTuOq/5Z8cdskzJujfwqfOTkrwIwj7IRISpnkJnT6SyJ4PCPnGMoFjC9ddhal5KVIYtAt97ix05A==}
    dev: false

  /ms/2.1.2:
    resolution: {integrity: sha512-sGkPx+VjMtmA6MX27oA4FBFELFCZZ4S4XqeGOXCv68tT+jb3vk/RyaKWP0PTKyWtmLSM0b+adUTEvbs1PEaH2w==}
    dev: false

  /next-tick/1.1.0:
    resolution: {integrity: sha512-CXdUiJembsNjuToQvxayPZF9Vqht7hewsvy2sOWafLvi2awflj9mOC6bHIg50orX8IJvWKY9wYQ/zB2kogPslQ==}
    dev: false

  /nock/13.2.9:
    resolution: {integrity: sha512-1+XfJNYF1cjGB+TKMWi29eZ0b82QOvQs2YoLNzbpWGqFMtRQHTa57osqdGj4FrFPgkO4D4AZinzUJR9VvW3QUA==}
    engines: {node: '>= 10.13'}
    dependencies:
      debug: 4.3.4
      json-stringify-safe: 5.0.1
      lodash: 4.17.21
      propagate: 2.0.1
    transitivePeerDependencies:
      - supports-color
    dev: false

  /node-domexception/1.0.0:
    resolution: {integrity: sha512-/jKZoMpw0F8GRwl4/eLROPA3cfcXtLApP0QzLmUT/HuPCZWyB7IY9ZrMeKw2O/nFIqPQB3PVM9aYm0F312AXDQ==}
    engines: {node: '>=10.5.0'}
    dev: false

  /node-fetch/3.2.10:
    resolution: {integrity: sha512-MhuzNwdURnZ1Cp4XTazr69K0BTizsBroX7Zx3UgDSVcZYKF/6p0CBe4EUb/hLqmzVhl0UpYfgRljQ4yxE+iCxA==}
    engines: {node: ^12.20.0 || ^14.13.1 || >=16.0.0}
    dependencies:
      data-uri-to-buffer: 4.0.0
      fetch-blob: 3.2.0
      formdata-polyfill: 4.0.10
    dev: false

  /node-gyp-build/4.5.0:
    resolution: {integrity: sha512-2iGbaQBV+ITgCz76ZEjmhUKAKVf7xfY1sRl4UiKQspfZMH2h06SyhNsnSVy50cwkFQDGLyif6m/6uFXHkOZ6rg==}
    hasBin: true
    dev: false

  /pako/2.1.0:
    resolution: {integrity: sha512-w+eufiZ1WuJYgPXbV/PO3NCMEc3xqylkKHzp8bxp1uW4qaSNQUkwmLLEc3kKsfz8lpV1F8Ht3U1Cm+9Srog2ug==}
    dev: false

  /propagate/2.0.1:
    resolution: {integrity: sha512-vGrhOavPSTz4QVNuBNdcNXePNdNMaO1xj9yBeH1ScQPjk/rhg9sSlCXPhMkFuaNNW/syTvYqsnbIJxMBfRbbag==}
    engines: {node: '>= 8'}
    dev: false

  /regenerator-runtime/0.13.10:
    resolution: {integrity: sha512-KepLsg4dU12hryUO7bp/axHAKvwGOCV0sGloQtpagJ12ai+ojVDqkeGSiRX1zlq+kjIMZ1t7gpze+26QqtdGqw==}

  /require-directory/2.1.1:
    resolution: {integrity: sha512-fGxEI7+wsG9xrvdjsrlmL22OMTTiHRwAMroiEeMgq8gzoLC/PQr7RsRDSTLUg/bZAZtF+TVIkHc6/4RIKrui+Q==}
    engines: {node: '>=0.10.0'}
    dev: false

  /rxjs/7.5.7:
    resolution: {integrity: sha512-z9MzKh/UcOqB3i20H6rtrlaE/CgjLOvheWK/9ILrbhROGTweAi1BaFsTT9FbwZi5Trr1qNRs+MXkhmR06awzQA==}
    dependencies:
      tslib: 2.4.1

  /string-width/4.2.3:
    resolution: {integrity: sha512-wKyQRQpjJ0sIp62ErSZdGsjMJWsap5oRNihHhu6G7JVO/9jIB6UyevL+tXuOqrng8j/cxKTWyWUwvSTriiZz/g==}
    engines: {node: '>=8'}
    dependencies:
      emoji-regex: 8.0.0
      is-fullwidth-code-point: 3.0.0
      strip-ansi: 6.0.1
    dev: false

  /strip-ansi/6.0.1:
    resolution: {integrity: sha512-Y38VPSHcqkFrCpFnQ9vuSXmquuv5oXOKpGeT6aGrr3o3Gc9AlVa6JBfUSOCnbxGGZF+/0ooI7KrPuUSztUdU5A==}
    engines: {node: '>=8'}
    dependencies:
      ansi-regex: 5.0.1
    dev: false

  /tslib/2.4.1:
    resolution: {integrity: sha512-tGyy4dAjRIEwI7BzsB0lynWgOpfqjUdq91XXAlIWD2OwKBH7oCl/GZG/HT4BOHrTlPMOASlMQ7veyTqpmRcrNA==}

  /tweetnacl/1.0.3:
    resolution: {integrity: sha512-6rt+RN7aOi1nGMyC4Xa5DdYiukl2UWCbcJft7YhxReBGQD7OAM8Pbxw6YMo4r2diNEA8FEmu32YOn9rhaiE5yw==}

  /type/1.2.0:
    resolution: {integrity: sha512-+5nt5AAniqsCnu2cEQQdpzCAh33kVx8n0VoFidKpB1dVVLAN/F+bgVOqOJqOnEnrhp222clB5p3vUlD+1QAnfg==}
    dev: false

  /type/2.7.2:
    resolution: {integrity: sha512-dzlvlNlt6AXU7EBSfpAscydQ7gXB+pPGsPnfJnZpiNJBDj7IaJzQlBZYGdEi4R9HmPdBv2XmWJ6YUtoTa7lmCw==}
    dev: false

  /typedarray-to-buffer/3.1.5:
    resolution: {integrity: sha512-zdu8XMNEDepKKR+XYOXAVPtWui0ly0NtohUscw+UmaHiAWT8hrV1rr//H6V+0DvJ3OQ19S979M0laLfX8rm82Q==}
    dependencies:
      is-typedarray: 1.0.0
    dev: false

  /typescript/4.8.4:
    resolution: {integrity: sha512-QCh+85mCy+h0IGff8r5XWzOVSbBO+KfeYrMQh7NJ58QujwcE22u+NUSmUxqF+un70P9GXKxa2HCNiTTMJknyjQ==}
    engines: {node: '>=4.2.0'}
    hasBin: true
    dev: true

  /utf-8-validate/5.0.10:
    resolution: {integrity: sha512-Z6czzLq4u8fPOyx7TU6X3dvUZVvoJmxSQ+IcrlmagKhilxlhZgxPK6C5Jqbkw1IDUmFTM+cz9QDnnLTwDz/2gQ==}
    engines: {node: '>=6.14.2'}
    requiresBuild: true
    dependencies:
      node-gyp-build: 4.5.0
    dev: false

  /web-streams-polyfill/3.2.1:
    resolution: {integrity: sha512-e0MO3wdXWKrLbL0DgGnUV7WHVuw9OUvL4hjgnPkIeEvESk74gAITi5G606JtZPp39cd8HA9VQzCIvA49LpPN5Q==}
    engines: {node: '>= 8'}
    dev: false

  /websocket/1.0.34:
    resolution: {integrity: sha512-PRDso2sGwF6kM75QykIesBijKSVceR6jL2G8NGYyq2XrItNC2P5/qL5XeR056GhA+Ly7JMFvJb9I312mJfmqnQ==}
    engines: {node: '>=4.0.0'}
    dependencies:
      bufferutil: 4.0.7
      debug: 2.6.9
      es5-ext: 0.10.62
      typedarray-to-buffer: 3.1.5
      utf-8-validate: 5.0.10
      yaeti: 0.0.6
    transitivePeerDependencies:
      - supports-color
    dev: false

  /wrap-ansi/7.0.0:
    resolution: {integrity: sha512-YVGIj2kamLSTxw6NsZjoBxfSwsn0ycdesmc4p+Q21c5zPuZ1pl+NfxVdxPtdHvmNVOQ6XSYG4AUtyt/Fi7D16Q==}
    engines: {node: '>=10'}
    dependencies:
      ansi-styles: 4.3.0
      string-width: 4.2.3
      strip-ansi: 6.0.1
    dev: false

  /ws/8.11.0:
    resolution: {integrity: sha512-HPG3wQd9sNQoT9xHyNCXoDUa+Xw/VevmY9FoHyQ+g+rrMn4j6FB4np7Z0OhdTgjx6MgQLK7jwSy1YecU1+4Asg==}
    engines: {node: '>=10.0.0'}
    peerDependencies:
      bufferutil: ^4.0.1
      utf-8-validate: ^5.0.2
    peerDependenciesMeta:
      bufferutil:
        optional: true
      utf-8-validate:
        optional: true
    dev: false

  /y18n/5.0.8:
    resolution: {integrity: sha512-0pfFzegeDWJHJIAmTLRP2DwHjdF5s7jo9tuztdQxAhINCdvS+3nGINqPd00AphqJR/0LhANUS6/+7SCb98YOfA==}
    engines: {node: '>=10'}
    dev: false

  /yaeti/0.0.6:
    resolution: {integrity: sha512-MvQa//+KcZCUkBTIC9blM+CU9J2GzuTytsOUwf2lidtvkx/6gnEp1QvJv34t9vdjhFmha/mUiNDbN0D0mJWdug==}
    engines: {node: '>=0.10.32'}
    dev: false

  /yargs-parser/21.1.1:
    resolution: {integrity: sha512-tVpsJW7DdjecAiFpbIB1e3qxIQsE6NoPc5/eTdrbbIC4h0LVsWhnoa3g+m2HclBIujHzsxZ4VJVA+GUuc2/LBw==}
    engines: {node: '>=12'}
    dev: false

  /yargs/17.6.2:
    resolution: {integrity: sha512-1/9UrdHjDZc0eOU0HxOHoS78C69UD3JRMvzlJ7S79S2nTaWRA/whGCTV8o9e/N/1Va9YIV7Q4sOxD8VV4pCWOw==}
    engines: {node: '>=12'}
    dependencies:
      cliui: 8.0.1
      escalade: 3.1.1
      get-caller-file: 2.0.5
      require-directory: 2.1.1
      string-width: 4.2.3
      y18n: 5.0.8
      yargs-parser: 21.1.1
    dev: false
